Microsoft Visual Studio Solution File, Format Version 11.00
# Visual Studio 2008

Project("{7DD2B023-C5EC-AF79-0EB3-4D7C4E712032}") = "2DShooter", "Assembly-CSharp-firstpass-vs.csproj", "{77AB6018-5884-189D-2BAD-C11EB2AECA2B}"
EndProject
Project("{7DD2B023-C5EC-AF79-0EB3-4D7C4E712032}") = "2DShooter", "Assembly-CSharp-vs.csproj", "{D55F0C01-F4DB-9C8C-3366-7255D1D18589}"
EndProject
Global
	GlobalSection(SolutionConfigurationPlatforms) = preSolution
		Debug|Any CPU = Debug|Any CPU
		Release|Any CPU = Release|Any CPU
	EndGlobalSection
	GlobalSection(ProjectConfigurationPlatforms) = postSolution
		{77AB6018-5884-189D-2BAD-C11EB2AECA2B}.Debug|Any CPU.ActiveCfg = Debug|Any CPU
		{77AB6018-5884-189D-2BAD-C11EB2AECA2B}.Debug|Any CPU.Build.0 = Debug|Any CPU
		{77AB6018-5884-189D-2BAD-C11EB2AECA2B}.Release|Any CPU.ActiveCfg = Release|Any CPU
		{77AB6018-5884-189D-2BAD-C11EB2AECA2B}.Release|Any CPU.Build.0 = Release|Any CPU
		{D55F0C01-F4DB-9C8C-3366-7255D1D18589}.Debug|Any CPU.ActiveCfg = Debug|Any CPU
		{D55F0C01-F4DB-9C8C-3366-7255D1D18589}.Debug|Any CPU.Build.0 = Debug|Any CPU
		{D55F0C01-F4DB-9C8C-3366-7255D1D18589}.Release|Any CPU.ActiveCfg = Release|Any CPU
		{D55F0C01-F4DB-9C8C-3366-7255D1D18589}.Release|Any CPU.Build.0 = Release|Any CPU
	EndGlobalSection
	GlobalSection(SolutionProperties) = preSolution
		HideSolutionNode = FALSE
	EndGlobalSection
																																			GlobalSection(MonoDevelopProperties) = preSolution
		StartupItem = Assembly-CSharp.csproj
		Policies = $0
		$0.TextStylePolicy = $1
		$1.inheritsSet = null
		$1.scope = text/x-csharp
		$0.CSharpFormattingPolicy = $2
		$2.inheritsSet = Mono
		$2.inheritsScope = text/x-csharp
		$2.scope = text/x-csharp
		$0.TextStylePolicy = $3
		$3.FileWidth = 120
		$3.TabWidth = 4
		$3.EolMarker = Unix
		$3.inheritsSet = Mono
		$3.inheritsScope = text/plain
		$3.scope = text/plain
	EndGlobalSection

EndGlobal
